// !$*UTF8*$!
{
	archiveVersion = 1;
	classes = {
	};
	objectVersion = 46;
	objects = {

/* Begin PBXBuildFile section */
		096448641AE71DC10042722A /* main.m in Sources */ = {isa = PBXBuildFile; fileRef = 096448631AE71DC10042722A /* main.m */; };
		096448671AE71DC10042722A /* AppDelegate.m in Sources */ = {isa = PBXBuildFile; fileRef = 096448661AE71DC10042722A /* AppDelegate.m */; };
		0964486A1AE71DC10042722A /* LoginScreen.m in Sources */ = {isa = PBXBuildFile; fileRef = 096448691AE71DC10042722A /* LoginScreen.m */; };
		0964486D1AE71DC10042722A /* Main.storyboard in Resources */ = {isa = PBXBuildFile; fileRef = 0964486B1AE71DC10042722A /* Main.storyboard */; };
		0964486F1AE71DC10042722A /* Images.xcassets in Resources */ = {isa = PBXBuildFile; fileRef = 0964486E1AE71DC10042722A /* Images.xcassets */; };
		096448721AE71DC10042722A /* LaunchScreen.xib in Resources */ = {isa = PBXBuildFile; fileRef = 096448701AE71DC10042722A /* LaunchScreen.xib */; };
		0964487E1AE71DC20042722A /* AMPTests.m in Sources */ = {isa = PBXBuildFile; fileRef = 0964487D1AE71DC20042722A /* AMPTests.m */; };
		097B55561AEF1E6300817DEF /* ServerCommManager.m in Sources */ = {isa = PBXBuildFile; fileRef = 097B55551AEF1E6300817DEF /* ServerCommManager.m */; };
		09991B0E1AEF2C1100585204 /* SettingsPage.m in Sources */ = {isa = PBXBuildFile; fileRef = 09991B0D1AEF2C1100585204 /* SettingsPage.m */; };
		09991B131AEF31EE00585204 /* html_files in Resources */ = {isa = PBXBuildFile; fileRef = 09991B121AEF31EE00585204 /* html_files */; };
/* End PBXBuildFile section */

/* Begin PBXContainerItemProxy section */
		096448781AE71DC10042722A /* PBXContainerItemProxy */ = {
			isa = PBXContainerItemProxy;
			containerPortal = 096448561AE71DC10042722A /* Project object */;
			proxyType = 1;
			remoteGlobalIDString = 0964485D1AE71DC10042722A;
			remoteInfo = AMP;
		};
/* End PBXContainerItemProxy section */

/* Begin PBXFileReference section */
		0964485E1AE71DC10042722A /* AMP.app */ = {isa = PBXFileReference; explicitFileType = wrapper.application; includeInIndex = 0; path = AMP.app; sourceTree = BUILT_PRODUCTS_DIR; };
		096448621AE71DC10042722A /* Info.plist */ = {isa = PBXFileReference; lastKnownFileType = text.plist.xml; path = Info.plist; sourceTree = "<group>"; };
		096448631AE71DC10042722A /* main.m */ = {isa = PBXFileReference; lastKnownFileType = sourcecode.c.objc; path = main.m; sourceTree = "<group>"; };
		096448651AE71DC10042722A /* AppDelegate.h */ = {isa = PBXFileReference; lastKnownFileType = sourcecode.c.h; path = AppDelegate.h; sourceTree = "<group>"; };
		096448661AE71DC10042722A /* AppDelegate.m */ = {isa = PBXFileReference; lastKnownFileType = sourcecode.c.objc; path = AppDelegate.m; sourceTree = "<group>"; };
		096448681AE71DC10042722A /* LoginScreen.h */ = {isa = PBXFileReference; lastKnownFileType = sourcecode.c.h; path = LoginScreen.h; sourceTree = "<group>"; };
		096448691AE71DC10042722A /* LoginScreen.m */ = {isa = PBXFileReference; lastKnownFileType = sourcecode.c.objc; path = LoginScreen.m; sourceTree = "<group>"; };
		0964486C1AE71DC10042722A /* Base */ = {isa = PBXFileReference; lastKnownFileType = file.storyboard; name = Base; path = Base.lproj/Main.storyboard; sourceTree = "<group>"; };
		0964486E1AE71DC10042722A /* Images.xcassets */ = {isa = PBXFileReference; lastKnownFileType = folder.assetcatalog; path = Images.xcassets; sourceTree = "<group>"; };
		096448711AE71DC10042722A /* Base */ = {isa = PBXFileReference; lastKnownFileType = file.xib; name = Base; path = Base.lproj/LaunchScreen.xib; sourceTree = "<group>"; };
		096448771AE71DC10042722A /* AMPTests.xctest */ = {isa = PBXFileReference; explicitFileType = wrapper.cfbundle; includeInIndex = 0; path = AMPTests.xctest; sourceTree = BUILT_PRODUCTS_DIR; };
		0964487C1AE71DC20042722A /* Info.plist */ = {isa = PBXFileReference; lastKnownFileType = text.plist.xml; path = Info.plist; sourceTree = "<group>"; };
		0964487D1AE71DC20042722A /* AMPTests.m */ = {isa = PBXFileReference; lastKnownFileType = sourcecode.c.objc; path = AMPTests.m; sourceTree = "<group>"; };
		097B55541AEF1E6300817DEF /* ServerCommManager.h */ = {isa = PBXFileReference; fileEncoding = 4; lastKnownFileType = sourcecode.c.h; path = ServerCommManager.h; sourceTree = "<group>"; };
		097B55551AEF1E6300817DEF /* ServerCommManager.m */ = {isa = PBXFileReference; fileEncoding = 4; lastKnownFileType = sourcecode.c.objc; path = ServerCommManager.m; sourceTree = "<group>"; };
		09991B0D1AEF2C1100585204 /* SettingsPage.m */ = {isa = PBXFileReference; fileEncoding = 4; lastKnownFileType = sourcecode.c.objc; path = SettingsPage.m; sourceTree = "<group>"; };
		09991B0F1AEF2C2700585204 /* SettingsPage.h */ = {isa = PBXFileReference; lastKnownFileType = sourcecode.c.h; path = SettingsPage.h; sourceTree = "<group>"; };
		09991B121AEF31EE00585204 /* html_files */ = {isa = PBXFileReference; lastKnownFileType = folder; name = html_files; path = AMP/html_files; sourceTree = "<group>"; };
/* End PBXFileReference section */

/* Begin PBXFrameworksBuildPhase section */
		0964485B1AE71DC10042722A /* Frameworks */ = {
			isa = PBXFrameworksBuildPhase;
			buildActionMask = 2147483647;
			files = (
			);
			runOnlyForDeploymentPostprocessing = 0;
		};
		096448741AE71DC10042722A /* Frameworks */ = {
			isa = PBXFrameworksBuildPhase;
			buildActionMask = 2147483647;
			files = (
			);
			runOnlyForDeploymentPostprocessing = 0;
		};
/* End PBXFrameworksBuildPhase section */

/* Begin PBXGroup section */
		096448551AE71DC10042722A = {
			isa = PBXGroup;
			children = (
				09991B121AEF31EE00585204 /* html_files */,
				096448601AE71DC10042722A /* AMP */,
				0964487A1AE71DC10042722A /* AMPTests */,
				0964485F1AE71DC10042722A /* Products */,
			);
			sourceTree = "<group>";
		};
		0964485F1AE71DC10042722A /* Products */ = {
			isa = PBXGroup;
			children = (
				0964485E1AE71DC10042722A /* AMP.app */,
				096448771AE71DC10042722A /* AMPTests.xctest */,
			);
			name = Products;
			sourceTree = "<group>";
		};
		096448601AE71DC10042722A /* AMP */ = {
			isa = PBXGroup;
			children = (
				097B55541AEF1E6300817DEF /* ServerCommManager.h */,
				097B55551AEF1E6300817DEF /* ServerCommManager.m */,
				096448651AE71DC10042722A /* AppDelegate.h */,
				096448661AE71DC10042722A /* AppDelegate.m */,
				096448681AE71DC10042722A /* LoginScreen.h */,
				096448691AE71DC10042722A /* LoginScreen.m */,
				0964486B1AE71DC10042722A /* Main.storyboard */,
				0964486E1AE71DC10042722A /* Images.xcassets */,
				096448701AE71DC10042722A /* LaunchScreen.xib */,
				096448611AE71DC10042722A /* Supporting Files */,
				09991B0D1AEF2C1100585204 /* SettingsPage.m */,
				09991B0F1AEF2C2700585204 /* SettingsPage.h */,
			);
			path = AMP;
			sourceTree = "<group>";
		};
		096448611AE71DC10042722A /* Supporting Files */ = {
			isa = PBXGroup;
			children = (
				096448621AE71DC10042722A /* Info.plist */,
				096448631AE71DC10042722A /* main.m */,
			);
			name = "Supporting Files";
			sourceTree = "<group>";
		};
		0964487A1AE71DC10042722A /* AMPTests */ = {
			isa = PBXGroup;
			children = (
				0964487D1AE71DC20042722A /* AMPTests.m */,
				0964487B1AE71DC20042722A /* Supporting Files */,
			);
			path = AMPTests;
			sourceTree = "<group>";
		};
		0964487B1AE71DC20042722A /* Supporting Files */ = {
			isa = PBXGroup;
			children = (
				0964487C1AE71DC20042722A /* Info.plist */,
			);
			name = "Supporting Files";
			sourceTree = "<group>";
		};
/* End PBXGroup section */

/* Begin PBXNativeTarget section */
		0964485D1AE71DC10042722A /* AMP */ = {
			isa = PBXNativeTarget;
			buildConfigurationList = 096448811AE71DC20042722A /* Build configuration list for PBXNativeTarget "AMP" */;
			buildPhases = (
				0964485A1AE71DC10042722A /* Sources */,
				0964485B1AE71DC10042722A /* Frameworks */,
				0964485C1AE71DC10042722A /* Resources */,
			);
			buildRules = (
			);
			dependencies = (
			);
			name = AMP;
			productName = AMP;
			productReference = 0964485E1AE71DC10042722A /* AMP.app */;
			productType = "com.apple.product-type.application";
		};
		096448761AE71DC10042722A /* AMPTests */ = {
			isa = PBXNativeTarget;
			buildConfigurationList = 096448841AE71DC20042722A /* Build configuration list for PBXNativeTarget "AMPTests" */;
			buildPhases = (
				096448731AE71DC10042722A /* Sources */,
				096448741AE71DC10042722A /* Frameworks */,
				096448751AE71DC10042722A /* Resources */,
			);
			buildRules = (
			);
			dependencies = (
				096448791AE71DC10042722A /* PBXTargetDependency */,
			);
			name = AMPTests;
			productName = AMPTests;
			productReference = 096448771AE71DC10042722A /* AMPTests.xctest */;
			productType = "com.apple.product-type.bundle.unit-test";
		};
/* End PBXNativeTarget section */

/* Begin PBXProject section */
		096448561AE71DC10042722A /* Project object */ = {
			isa = PBXProject;
			attributes = {
				LastUpgradeCheck = 0610;
				ORGANIZATIONNAME = "Jason Malutich";
				TargetAttributes = {
					0964485D1AE71DC10042722A = {
						CreatedOnToolsVersion = 6.1.1;
					};
					096448761AE71DC10042722A = {
						CreatedOnToolsVersion = 6.1.1;
						TestTargetID = 0964485D1AE71DC10042722A;
					};
				};
			};
			buildConfigurationList = 096448591AE71DC10042722A /* Build configuration list for PBXProject "AMP" */;
			compatibilityVersion = "Xcode 3.2";
			developmentRegion = English;
			hasScannedForEncodings = 0;
			knownRegions = (
				en,
				Base,
			);
			mainGroup = 096448551AE71DC10042722A;
			productRefGroup = 0964485F1AE71DC10042722A /* Products */;
			projectDirPath = "";
			projectRoot = "";
			targets = (
				0964485D1AE71DC10042722A /* AMP */,
				096448761AE71DC10042722A /* AMPTests */,
			);
		};
/* End PBXProject section */

/* Begin PBXResourcesBuildPhase section */
		0964485C1AE71DC10042722A /* Resources */ = {
			isa = PBXResourcesBuildPhase;
			buildActionMask = 2147483647;
			files = (
				0964486D1AE71DC10042722A /* Main.storyboard in Resources */,
				09991B131AEF31EE00585204 /* html_files in Resources */,
				096448721AE71DC10042722A /* LaunchScreen.xib in Resources */,
				0964486F1AE71DC10042722A /* Images.xcassets in Resources */,
			);
			runOnlyForDeploymentPostprocessing = 0;
		};
		096448751AE71DC10042722A /* Resources */ = {
			isa = PBXResourcesBuildPhase;
			buildActionMask = 2147483647;
			files = (
			);
			runOnlyForDeploymentPostprocessing = 0;
		};
/* End PBXResourcesBuildPhase section */

/* Begin PBXSourcesBuildPhase section */
		0964485A1AE71DC10042722A /* Sources */ = {
			isa = PBXSourcesBuildPhase;
			buildActionMask = 2147483647;
			files = (
				097B55561AEF1E6300817DEF /* ServerCommManager.m in Sources */,
				0964486A1AE71DC10042722A /* LoginScreen.m in Sources */,
				096448671AE71DC10042722A /* AppDelegate.m in Sources */,
				096448641AE71DC10042722A /* main.m in Sources */,
				09991B0E1AEF2C1100585204 /* SettingsPage.m in Sources */,
			);
			runOnlyForDeploymentPostprocessing = 0;
		};
		096448731AE71DC10042722A /* Sources */ = {
			isa = PBXSourcesBuildPhase;
			buildActionMask = 2147483647;
			files = (
				0964487E1AE71DC20042722A /* AMPTests.m in Sources */,
			);
			runOnlyForDeploymentPostprocessing = 0;
		};
/* End PBXSourcesBuildPhase section */

/* Begin PBXTargetDependency section */
		096448791AE71DC10042722A /* PBXTargetDependency */ = {
			isa = PBXTargetDependency;
			target = 0964485D1AE71DC10042722A /* AMP */;
			targetProxy = 096448781AE71DC10042722A /* PBXContainerItemProxy */;
		};
/* End PBXTargetDependency section */

/* Begin PBXVariantGroup section */
		0964486B1AE71DC10042722A /* Main.storyboard */ = {
			isa = PBXVariantGroup;
			children = (
				0964486C1AE71DC10042722A /* Base */,
			);
			name = Main.storyboard;
			sourceTree = "<group>";
		};
		096448701AE71DC10042722A /* LaunchScreen.xib */ = {
			isa = PBXVariantGroup;
			children = (
				096448711AE71DC10042722A /* Base */,
			);
			name = LaunchScreen.xib;
			sourceTree = "<group>";
		};
/* End PBXVariantGroup section */

/* Begin XCBuildConfiguration section */
		0964487F1AE71DC20042722A /* Debug */ = {
			isa = XCBuildConfiguration;
			buildSettings = {
				ALWAYS_SEARCH_USER_PATHS = NO;
				CLANG_CXX_LANGUAGE_STANDARD = "gnu++0x";
				CLANG_CXX_LIBRARY = "libc++";
				CLANG_ENABLE_MODULES = YES;
				CLANG_ENABLE_OBJC_ARC = YES;
				CLANG_WARN_BOOL_CONVERSION = YES;
				CLANG_WARN_CONSTANT_CONVERSION = YES;
				CLANG_WARN_DIRECT_OBJC_ISA_USAGE = YES_ERROR;
				CLANG_WARN_EMPTY_BODY = YES;
				CLANG_WARN_ENUM_CONVERSION = YES;
				CLANG_WARN_INT_CONVERSION = YES;
				CLANG_WARN_OBJC_ROOT_CLASS = YES_ERROR;
				CLANG_WARN_UNREACHABLE_CODE = YES;
				CLANG_WARN__DUPLICATE_METHOD_MATCH = YES;
				"CODE_SIGN_IDENTITY[sdk=iphoneos*]" = "iPhone Developer";
				COPY_PHASE_STRIP = NO;
				ENABLE_STRICT_OBJC_MSGSEND = YES;
				GCC_C_LANGUAGE_STANDARD = gnu99;
				GCC_DYNAMIC_NO_PIC = NO;
				GCC_OPTIMIZATION_LEVEL = 0;
				GCC_PREPROCESSOR_DEFINITIONS = (
					"DEBUG=1",
					"$(inherited)",
				);
				GCC_SYMBOLS_PRIVATE_EXTERN = NO;
				GCC_WARN_64_TO_32_BIT_CONVERSION = YES;
				GCC_WARN_ABOUT_RETURN_TYPE = YES_ERROR;
				GCC_WARN_UNDECLARED_SELECTOR = YES;
				GCC_WARN_UNINITIALIZED_AUTOS = YES_AGGRESSIVE;
				GCC_WARN_UNUSED_FUNCTION = YES;
				GCC_WARN_UNUSED_VARIABLE = YES;
				IPHONEOS_DEPLOYMENT_TARGET = 8.1;
				MTL_ENABLE_DEBUG_INFO = YES;
				ONLY_ACTIVE_ARCH = YES;
				SDKROOT = iphoneos;
				TARGETED_DEVICE_FAMILY = "1,2";
			};
			name = Debug;
		};
		096448801AE71DC20042722A /* Release */ = {
			isa = XCBuildConfiguration;
			buildSettings = {
				ALWAYS_SEARCH_USER_PATHS = NO;
				CLANG_CXX_LANGUAGE_STANDARD = "gnu++0x";
				CLANG_CXX_LIBRARY = "libc++";
				CLANG_ENABLE_MODULES = YES;
				CLANG_ENABLE_OBJC_ARC = YES;
				CLANG_WARN_BOOL_CONVERSION = YES;
				CLANG_WARN_CONSTANT_CONVERSION = YES;
				CLANG_WARN_DIRECT_OBJC_ISA_USAGE = YES_ERROR;
				CLANG_WARN_EMPTY_BODY = YES;
				CLANG_WARN_ENUM_CONVERSION = YES;
				CLANG_WARN_INT_CONVERSION = YES;
				CLANG_WARN_OBJC_ROOT_CLASS = YES_ERROR;
				CLANG_WARN_UNREACHABLE_CODE = YES;
				CLANG_WARN__DUPLICATE_METHOD_MATCH = YES;
				"CODE_SIGN_IDENTITY[sdk=iphoneos*]" = "iPhone Developer";
				COPY_PHASE_STRIP = YES;
				ENABLE_NS_ASSERTIONS = NO;
				ENABLE_STRICT_OBJC_MSGSEND = YES;
				GCC_C_LANGUAGE_STANDARD = gnu99;
				GCC_WARN_64_TO_32_BIT_CONVERSION = YES;
				GCC_WARN_ABOUT_RETURN_TYPE = YES_ERROR;
				GCC_WARN_UNDECLARED_SELECTOR = YES;
				GCC_WARN_UNINITIALIZED_AUTOS = YES_AGGRESSIVE;
				GCC_WARN_UNUSED_FUNCTION = YES;
				GCC_WARN_UNUSED_VARIABLE = YES;
				IPHONEOS_DEPLOYMENT_TARGET = 8.1;
				MTL_ENABLE_DEBUG_INFO = NO;
				SDKROOT = iphoneos;
				TARGETED_DEVICE_FAMILY = "1,2";
				VALIDATE_PRODUCT = YES;
			};
			name = Release;
		};
		096448821AE71DC20042722A /* Debug */ = {
			isa = XCBuildConfiguration;
			buildSettings = {
				ASSETCATALOG_COMPILER_APPICON_NAME = AppIcon;
				INFOPLIST_FILE = AMP/Info.plist;
				LD_RUNPATH_SEARCH_PATHS = "$(inherited) @executable_path/Frameworks";
				PRODUCT_NAME = "$(TARGET_NAME)";
				TARGETED_DEVICE_FAMILY = 2;
			};
			name = Debug;
		};
		096448831AE71DC20042722A /* Release */ = {
			isa = XCBuildConfiguration;
			buildSettings = {
				ASSETCATALOG_COMPILER_APPICON_NAME = AppIcon;
				INFOPLIST_FILE = AMP/Info.plist;
				LD_RUNPATH_SEARCH_PATHS = "$(inherited) @executable_path/Frameworks";
				PRODUCT_NAME = "$(TARGET_NAME)";
				TARGETED_DEVICE_FAMILY = 2;
			};
			name = Release;
		};
		096448851AE71DC20042722A /* Debug */ = {
			isa = XCBuildConfiguration;
			buildSettings = {
				BUNDLE_LOADER = "$(TEST_HOST)";
				FRAMEWORK_SEARCH_PATHS = (
					"$(SDKROOT)/Developer/Library/Frameworks",
					"$(inherited)",
				);
				GCC_PREPROCESSOR_DEFINITIONS = (
					"DEBUG=1",
					"$(inherited)",
				);
				INFOPLIST_FILE = AMPTests/Info.plist;
				LD_RUNPATH_SEARCH_PATHS = "$(inherited) @executable_path/Frameworks @loader_path/Frameworks";
				PRODUCT_NAME = "$(TARGET_NAME)";
				TEST_HOST = "$(BUILT_PRODUCTS_DIR)/AMP.app/AMP";
			};
			name = Debug;
		};
		096448861AE71DC20042722A /* Release */ = {
			isa = XCBuildConfiguration;
			buildSettings = {
				BUNDLE_LOADER = "$(TEST_HOST)";
				FRAMEWORK_SEARCH_PATHS = (
					"$(SDKROOT)/Developer/Library/Frameworks",
					"$(inherited)",
				);
				INFOPLIST_FILE = AMPTests/Info.plist;
				LD_RUNPATH_SEARCH_PATHS = "$(inherited) @executable_path/Frameworks @loader_path/Frameworks";
				PRODUCT_NAME = "$(TARGET_NAME)";
				TEST_HOST = "$(BUILT_PRODUCTS_DIR)/AMP.app/AMP";
			};
			name = Release;
		};
/* End XCBuildConfiguration section */

/* Begin XCConfigurationList section */
		096448591AE71DC10042722A /* Build configuration list for PBXProject "AMP" */ = {
			isa = XCConfigurationList;
			buildConfigurations = (
				0964487F1AE71DC20042722A /* Debug */,
				096448801AE71DC20042722A /* Release */,
			);
			defaultConfigurationIsVisible = 0;
			defaultConfigurationName = Release;
		};
		096448811AE71DC20042722A /* Build configuration list for PBXNativeTarget "AMP" */ = {
			isa = XCConfigurationList;
			buildConfigurations = (
				096448821AE71DC20042722A /* Debug */,
				096448831AE71DC20042722A /* Release */,
			);
			defaultConfigurationIsVisible = 0;
			defaultConfigurationName = Release;
		};
		096448841AE71DC20042722A /* Build configuration list for PBXNativeTarget "AMPTests" */ = {
			isa = XCConfigurationList;
			buildConfigurations = (
				096448851AE71DC20042722A /* Debug */,
				096448861AE71DC20042722A /* Release */,
			);
			defaultConfigurationIsVisible = 0;
			defaultConfigurationName = Release;
		};
/* End XCConfigurationList section */
	};
	rootObject = 096448561AE71DC10042722A /* Project object */;
}
